
Microsoft Visual Studio Solution File, Format Version 12.00
# Visual Studio Version 16
VisualStudioVersion = 16.0.32002.261
MinimumVisualStudioVersion = 10.0.40219.1
Project("{FAE04EC0-301F-11D3-BF4B-00C04F79EFBC}") = "Praktikum 3", "Praktikum 3.csproj", "{6CE57971-6C8B-48FC-90BF-D88005A62C04}"
EndProject
Global
	GlobalSection(SolutionConfigurationPlatforms) = preSolution
		Debug|Any CPU = Debug|Any CPU
		Release|Any CPU = Release|Any CPU
	EndGlobalSection
	GlobalSection(ProjectConfigurationPlatforms) = postSolution
		{6CE57971-6C8B-48FC-90BF-D88005A62C04}.Debug|Any CPU.ActiveCfg = Debug|Any CPU
		{6CE57971-6C8B-48FC-90BF-D88005A62C04}.Debug|Any CPU.Build.0 = Debug|Any CPU
		{6CE57971-6C8B-48FC-90BF-D88005A62C04}.Release|Any CPU.ActiveCfg = Release|Any CPU
		{6CE57971-6C8B-48FC-90BF-D88005A62C04}.Release|Any CPU.Build.0 = Release|Any CPU
	EndGlobalSection
	GlobalSection(SolutionProperties) = preSolution
		HideSolutionNode = FALSE
	EndGlobalSection
	GlobalSection(ExtensibilityGlobals) = postSolution
		SolutionGuid = {B9059C89-B3F1-4DCF-B300-E0CE1BBA864C}
	EndGlobalSection
EndGlobal
